// !$*UTF8*$!
{
	archiveVersion = 1;
	classes = {
	};
	objectVersion = 56;
	objects = {

/* Begin PBXBuildFile section */
		CA23A9792AE0A560007B62CA /* SettingsViewController.swift in Sources */ = {isa = PBXBuildFile; fileRef = CA23A9782AE0A560007B62CA /* SettingsViewController.swift */; };
		CA23A97B2AE0A575007B62CA /* TaxesViewController.swift in Sources */ = {isa = PBXBuildFile; fileRef = CA23A97A2AE0A575007B62CA /* TaxesViewController.swift */; };
		CA650BC32AE00DFA005FF23D /* AppDelegate.swift in Sources */ = {isa = PBXBuildFile; fileRef = CA650BC22AE00DFA005FF23D /* AppDelegate.swift */; };
		CA650BC52AE00DFA005FF23D /* SceneDelegate.swift in Sources */ = {isa = PBXBuildFile; fileRef = CA650BC42AE00DFA005FF23D /* SceneDelegate.swift */; };
		CA650BC72AE00DFA005FF23D /* ShoppingViewController.swift in Sources */ = {isa = PBXBuildFile; fileRef = CA650BC62AE00DFA005FF23D /* ShoppingViewController.swift */; };
		CA650BCA2AE00DFA005FF23D /* Main.storyboard in Resources */ = {isa = PBXBuildFile; fileRef = CA650BC82AE00DFA005FF23D /* Main.storyboard */; };
		CA650BCC2AE00DFB005FF23D /* Assets.xcassets in Resources */ = {isa = PBXBuildFile; fileRef = CA650BCB2AE00DFB005FF23D /* Assets.xcassets */; };
		CA650BCF2AE00DFB005FF23D /* LaunchScreen.storyboard in Resources */ = {isa = PBXBuildFile; fileRef = CA650BCD2AE00DFB005FF23D /* LaunchScreen.storyboard */; };
/* End PBXBuildFile section */

/* Begin PBXFileReference section */
		CA23A9782AE0A560007B62CA /* SettingsViewController.swift */ = {isa = PBXFileReference; lastKnownFileType = sourcecode.swift; path = SettingsViewController.swift; sourceTree = "<group>"; };
		CA23A97A2AE0A575007B62CA /* TaxesViewController.swift */ = {isa = PBXFileReference; lastKnownFileType = sourcecode.swift; path = TaxesViewController.swift; sourceTree = "<group>"; };
		CA650BBF2AE00DFA005FF23D /* ShoppingUSA.app */ = {isa = PBXFileReference; explicitFileType = wrapper.application; includeInIndex = 0; path = ShoppingUSA.app; sourceTree = BUILT_PRODUCTS_DIR; };
		CA650BC22AE00DFA005FF23D /* AppDelegate.swift */ = {isa = PBXFileReference; lastKnownFileType = sourcecode.swift; path = AppDelegate.swift; sourceTree = "<group>"; };
		CA650BC42AE00DFA005FF23D /* SceneDelegate.swift */ = {isa = PBXFileReference; lastKnownFileType = sourcecode.swift; path = SceneDelegate.swift; sourceTree = "<group>"; };
		CA650BC62AE00DFA005FF23D /* ShoppingViewController.swift */ = {isa = PBXFileReference; lastKnownFileType = sourcecode.swift; path = ShoppingViewController.swift; sourceTree = "<group>"; };
		CA650BC92AE00DFA005FF23D /* Base */ = {isa = PBXFileReference; lastKnownFileType = file.storyboard; name = Base; path = Base.lproj/Main.storyboard; sourceTree = "<group>"; };
		CA650BCB2AE00DFB005FF23D /* Assets.xcassets */ = {isa = PBXFileReference; lastKnownFileType = folder.assetcatalog; path = Assets.xcassets; sourceTree = "<group>"; };
		CA650BCE2AE00DFB005FF23D /* Base */ = {isa = PBXFileReference; lastKnownFileType = file.storyboard; name = Base; path = Base.lproj/LaunchScreen.storyboard; sourceTree = "<group>"; };
		CA650BD02AE00DFB005FF23D /* Info.plist */ = {isa = PBXFileReference; lastKnownFileType = text.plist.xml; path = Info.plist; sourceTree = "<group>"; };
/* End PBXFileReference section */

/* Begin PBXFrameworksBuildPhase section */
		CA650BBC2AE00DFA005FF23D /* Frameworks */ = {
			isa = PBXFrameworksBuildPhase;
			buildActionMask = 2147483647;
			files = (
			);
			runOnlyForDeploymentPostprocessing = 0;
		};
/* End PBXFrameworksBuildPhase section */

/* Begin PBXGroup section */
		CA650BB62AE00DFA005FF23D = {
			isa = PBXGroup;
			children = (
				CA650BC12AE00DFA005FF23D /* ShoppingUSA */,
				CA650BC02AE00DFA005FF23D /* Products */,
			);
			sourceTree = "<group>";
		};
		CA650BC02AE00DFA005FF23D /* Products */ = {
			isa = PBXGroup;
			children = (
				CA650BBF2AE00DFA005FF23D /* ShoppingUSA.app */,
			);
			name = Products;
			sourceTree = "<group>";
		};
		CA650BC12AE00DFA005FF23D /* ShoppingUSA */ = {
			isa = PBXGroup;
			children = (
				CA650BC22AE00DFA005FF23D /* AppDelegate.swift */,
				CA650BC42AE00DFA005FF23D /* SceneDelegate.swift */,
				CA650BC62AE00DFA005FF23D /* ShoppingViewController.swift */,
				CA23A9782AE0A560007B62CA /* SettingsViewController.swift */,
				CA23A97A2AE0A575007B62CA /* TaxesViewController.swift */,
				CA650BC82AE00DFA005FF23D /* Main.storyboard */,
				CA650BCB2AE00DFB005FF23D /* Assets.xcassets */,
				CA650BCD2AE00DFB005FF23D /* LaunchScreen.storyboard */,
				CA650BD02AE00DFB005FF23D /* Info.plist */,
			);
			path = ShoppingUSA;
			sourceTree = "<group>";
		};
/* End PBXGroup section */

/* Begin PBXNativeTarget section */
		CA650BBE2AE00DFA005FF23D /* ShoppingUSA */ = {
			isa = PBXNativeTarget;
			buildConfigurationList = CA650BD32AE00DFB005FF23D /* Build configuration list for PBXNativeTarget "ShoppingUSA" */;
			buildPhases = (
				CA650BBB2AE00DFA005FF23D /* Sources */,
				CA650BBC2AE00DFA005FF23D /* Frameworks */,
				CA650BBD2AE00DFA005FF23D /* Resources */,
			);
			buildRules = (
			);
			dependencies = (
			);
			name = ShoppingUSA;
			productName = ShoppingUSA;
			productReference = CA650BBF2AE00DFA005FF23D /* ShoppingUSA.app */;
			productType = "com.apple.product-type.application";
		};
/* End PBXNativeTarget section */

/* Begin PBXProject section */
		CA650BB72AE00DFA005FF23D /* Project object */ = {
			isa = PBXProject;
			attributes = {
				BuildIndependentTargetsInParallel = 1;
				LastSwiftUpdateCheck = 1430;
				LastUpgradeCheck = 1430;
				TargetAttributes = {
					CA650BBE2AE00DFA005FF23D = {
						CreatedOnToolsVersion = 14.3.1;
					};
				};
			};
			buildConfigurationList = CA650BBA2AE00DFA005FF23D /* Build configuration list for PBXProject "ShoppingUSA" */;
			compatibilityVersion = "Xcode 14.0";
			developmentRegion = en;
			hasScannedForEncodings = 0;
			knownRegions = (
				en,
				Base,
			);
			mainGroup = CA650BB62AE00DFA005FF23D;
			productRefGroup = CA650BC02AE00DFA005FF23D /* Products */;
			projectDirPath = "";
			projectRoot = "";
			targets = (
				CA650BBE2AE00DFA005FF23D /* ShoppingUSA */,
			);
		};
/* End PBXProject section */

/* Begin PBXResourcesBuildPhase section */
		CA650BBD2AE00DFA005FF23D /* Resources */ = {
			isa = PBXResourcesBuildPhase;
			buildActionMask = 2147483647;
			files = (
				CA650BCF2AE00DFB005FF23D /* LaunchScreen.storyboard in Resources */,
				CA650BCC2AE00DFB005FF23D /* Assets.xcassets in Resources */,
				CA650BCA2AE00DFA005FF23D /* Main.storyboard in Resources */,
			);
			runOnlyForDeploymentPostprocessing = 0;
		};
/* End PBXResourcesBuildPhase section */

/* Begin PBXSourcesBuildPhase section */
		CA650BBB2AE00DFA005FF23D /* Sources */ = {
			isa = PBXSourcesBuildPhase;
			buildActionMask = 2147483647;
			files = (
				CA650BC72AE00DFA005FF23D /* ShoppingViewController.swift in Sources */,
				CA650BC32AE00DFA005FF23D /* AppDelegate.swift in Sources */,
				CA23A97B2AE0A575007B62CA /* TaxesViewController.swift in Sources */,
				CA650BC52AE00DFA005FF23D /* SceneDelegate.swift in Sources */,
				CA23A9792AE0A560007B62CA /* SettingsViewController.swift in Sources */,
			);
			runOnlyForDeploymentPostprocessing = 0;
		};
/* End PBXSourcesBuildPhase section */

/* Begin PBXVariantGroup section */
		CA650BC82AE00DFA005FF23D /* Main.storyboard */ = {
			isa = PBXVariantGroup;
			children = (
				CA650BC92AE00DFA005FF23D /* Base */,
			);
			name = Main.storyboard;
			sourceTree = "<group>";
		};
		CA650BCD2AE00DFB005FF23D /* LaunchScreen.storyboard */ = {
			isa = PBXVariantGroup;
			children = (
				CA650BCE2AE00DFB005FF23D /* Base */,
			);
			name = LaunchScreen.storyboard;
			sourceTree = "<group>";
		};
/* End PBXVariantGroup section */

/* Begin XCBuildConfiguration section */
		CA650BD12AE00DFB005FF23D /* Debug */ = {
			isa = XCBuildConfiguration;
			buildSettings = {
				ALWAYS_SEARCH_USER_PATHS = NO;
				CLANG_ANALYZER_NONNULL = YES;
				CLANG_ANALYZER_NUMBER_OBJECT_CONVERSION = YES_AGGRESSIVE;
				CLANG_CXX_LANGUAGE_STANDARD = "gnu++20";
				CLANG_ENABLE_MODULES = YES;
				CLANG_ENABLE_OBJC_ARC = YES;
				CLANG_ENABLE_OBJC_WEAK = YES;
				CLANG_WARN_BLOCK_CAPTURE_AUTORELEASING = YES;
				CLANG_WARN_BOOL_CONVERSION = YES;
				CLANG_WARN_COMMA = YES;
				CLANG_WARN_CONSTANT_CONVERSION = YES;
				CLANG_WARN_DEPRECATED_OBJC_IMPLEMENTATIONS = YES;
				CLANG_WARN_DIRECT_OBJC_ISA_USAGE = YES_ERROR;
				CLANG_WARN_DOCUMENTATION_COMMENTS = YES;
				CLANG_WARN_EMPTY_BODY = YES;
				CLANG_WARN_ENUM_CONVERSION = YES;
				CLANG_WARN_INFINITE_RECURSION = YES;
				CLANG_WARN_INT_CONVERSION = YES;
				CLANG_WARN_NON_LITERAL_NULL_CONVERSION = YES;
				CLANG_WARN_OBJC_IMPLICIT_RETAIN_SELF = YES;
				CLANG_WARN_OBJC_LITERAL_CONVERSION = YES;
				CLANG_WARN_OBJC_ROOT_CLASS = YES_ERROR;
				CLANG_WARN_QUOTED_INCLUDE_IN_FRAMEWORK_HEADER = YES;
				CLANG_WARN_RANGE_LOOP_ANALYSIS = YES;
				CLANG_WARN_STRICT_PROTOTYPES = YES;
				CLANG_WARN_SUSPICIOUS_MOVE = YES;
				CLANG_WARN_UNGUARDED_AVAILABILITY = YES_AGGRESSIVE;
				CLANG_WARN_UNREACHABLE_CODE = YES;
				CLANG_WARN__DUPLICATE_METHOD_MATCH = YES;
				COPY_PHASE_STRIP = NO;
				DEBUG_INFORMATION_FORMAT = dwarf;
				ENABLE_STRICT_OBJC_MSGSEND = YES;
				ENABLE_TESTABILITY = YES;
				GCC_C_LANGUAGE_STANDARD = gnu11;
				GCC_DYNAMIC_NO_PIC = NO;
				GCC_NO_COMMON_BLOCKS = YES;
				GCC_OPTIMIZATION_LEVEL = 0;
				GCC_PREPROCESSOR_DEFINITIONS = (
					"DEBUG=1",
					"$(inherited)",
				);
				GCC_WARN_64_TO_32_BIT_CONVERSION = YES;
				GCC_WARN_ABOUT_RETURN_TYPE = YES_ERROR;
				GCC_WARN_UNDECLARED_SELECTOR = YES;
				GCC_WARN_UNINITIALIZED_AUTOS = YES_AGGRESSIVE;
				GCC_WARN_UNUSED_FUNCTION = YES;
				GCC_WARN_UNUSED_VARIABLE = YES;
				IPHONEOS_DEPLOYMENT_TARGET = 16.4;
				MTL_ENABLE_DEBUG_INFO = INCLUDE_SOURCE;
				MTL_FAST_MATH = YES;
				ONLY_ACTIVE_ARCH = YES;
				SDKROOT = iphoneos;
				SWIFT_ACTIVE_COMPILATION_CONDITIONS = DEBUG;
				SWIFT_OPTIMIZATION_LEVEL = "-Onone";
			};
			name = Debug;
		};
		CA650BD22AE00DFB005FF23D /* Release */ = {
			isa = XCBuildConfiguration;
			buildSettings = {
				ALWAYS_SEARCH_USER_PATHS = NO;
				CLANG_ANALYZER_NONNULL = YES;
				CLANG_ANALYZER_NUMBER_OBJECT_CONVERSION = YES_AGGRESSIVE;
				CLANG_CXX_LANGUAGE_STANDARD = "gnu++20";
				CLANG_ENABLE_MODULES = YES;
				CLANG_ENABLE_OBJC_ARC = YES;
				CLANG_ENABLE_OBJC_WEAK = YES;
				CLANG_WARN_BLOCK_CAPTURE_AUTORELEASING = YES;
				CLANG_WARN_BOOL_CONVERSION = YES;
				CLANG_WARN_COMMA = YES;
				CLANG_WARN_CONSTANT_CONVERSION = YES;
				CLANG_WARN_DEPRECATED_OBJC_IMPLEMENTATIONS = YES;
				CLANG_WARN_DIRECT_OBJC_ISA_USAGE = YES_ERROR;
				CLANG_WARN_DOCUMENTATION_COMMENTS = YES;
				CLANG_WARN_EMPTY_BODY = YES;
				CLANG_WARN_ENUM_CONVERSION = YES;
				CLANG_WARN_INFINITE_RECURSION = YES;
				CLANG_WARN_INT_CONVERSION = YES;
				CLANG_WARN_NON_LITERAL_NULL_CONVERSION = YES;
				CLANG_WARN_OBJC_IMPLICIT_RETAIN_SELF = YES;
				CLANG_WARN_OBJC_LITERAL_CONVERSION = YES;
				CLANG_WARN_OBJC_ROOT_CLASS = YES_ERROR;
				CLANG_WARN_QUOTED_INCLUDE_IN_FRAMEWORK_HEADER = YES;
				CLANG_WARN_RANGE_LOOP_ANALYSIS = YES;
				CLANG_WARN_STRICT_PROTOTYPES = YES;
				CLANG_WARN_SUSPICIOUS_MOVE = YES;
				CLANG_WARN_UNGUARDED_AVAILABILITY = YES_AGGRESSIVE;
				CLANG_WARN_UNREACHABLE_CODE = YES;
				CLANG_WARN__DUPLICATE_METHOD_MATCH = YES;
				COPY_PHASE_STRIP = NO;
				DEBUG_INFORMATION_FORMAT = "dwarf-with-dsym";
				ENABLE_NS_ASSERTIONS = NO;
				ENABLE_STRICT_OBJC_MSGSEND = YES;
				GCC_C_LANGUAGE_STANDARD = gnu11;
				GCC_NO_COMMON_BLOCKS = YES;
				GCC_WARN_64_TO_32_BIT_CONVERSION = YES;
				GCC_WARN_ABOUT_RETURN_TYPE = YES_ERROR;
				GCC_WARN_UNDECLARED_SELECTOR = YES;
				GCC_WARN_UNINITIALIZED_AUTOS = YES_AGGRESSIVE;
				GCC_WARN_UNUSED_FUNCTION = YES;
				GCC_WARN_UNUSED_VARIABLE = YES;
				IPHONEOS_DEPLOYMENT_TARGET = 16.4;
				MTL_ENABLE_DEBUG_INFO = NO;
				MTL_FAST_MATH = YES;
				SDKROOT = iphoneos;
				SWIFT_COMPILATION_MODE = wholemodule;
				SWIFT_OPTIMIZATION_LEVEL = "-O";
				VALIDATE_PRODUCT = YES;
			};
			name = Release;
		};
		CA650BD42AE00DFB005FF23D /* Debug */ = {
			isa = XCBuildConfiguration;
			buildSettings = {
				ASSETCATALOG_COMPILER_APPICON_NAME = AppIcon;
				ASSETCATALOG_COMPILER_GLOBAL_ACCENT_COLOR_NAME = AccentColor;
				CODE_SIGN_STYLE = Automatic;
				CURRENT_PROJECT_VERSION = 1;
				DEVELOPMENT_TEAM = PVS74PN984;
				GENERATE_INFOPLIST_FILE = YES;
				INFOPLIST_FILE = ShoppingUSA/Info.plist;
				INFOPLIST_KEY_UIApplicationSupportsIndirectInputEvents = YES;
				INFOPLIST_KEY_UILaunchStoryboardName = LaunchScreen;
				INFOPLIST_KEY_UIMainStoryboardFile = Main;
				INFOPLIST_KEY_UISupportedInterfaceOrientations_iPad = "UIInterfaceOrientationPortrait UIInterfaceOrientationPortraitUpsideDown UIInterfaceOrientationLandscapeLeft UIInterfaceOrientationLandscapeRight";
				INFOPLIST_KEY_UISupportedInterfaceOrientations_iPhone = "UIInterfaceOrientationPortrait UIInterfaceOrientationLandscapeLeft UIInterfaceOrientationLandscapeRight";
				LD_RUNPATH_SEARCH_PATHS = (
					"$(inherited)",
					"@executable_path/Frameworks",
				);
				MARKETING_VERSION = 1.0;
				PRODUCT_BUNDLE_IDENTIFIER = com.example.ShoppingUSA;
				PRODUCT_NAME = "$(TARGET_NAME)";
				SWIFT_EMIT_LOC_STRINGS = YES;
				SWIFT_VERSION = 5.0;
				TARGETED_DEVICE_FAMILY = "1,2";
			};
			name = Debug;
		};
		CA650BD52AE00DFB005FF23D /* Release */ = {
			isa = XCBuildConfiguration;
			buildSettings = {
				ASSETCATALOG_COMPILER_APPICON_NAME = AppIcon;
				ASSETCATALOG_COMPILER_GLOBAL_ACCENT_COLOR_NAME = AccentColor;
				CODE_SIGN_STYLE = Automatic;
				CURRENT_PROJECT_VERSION = 1;
				DEVELOPMENT_TEAM = PVS74PN984;
				GENERATE_INFOPLIST_FILE = YES;
				INFOPLIST_FILE = ShoppingUSA/Info.plist;
				INFOPLIST_KEY_UIApplicationSupportsIndirectInputEvents = YES;
				INFOPLIST_KEY_UILaunchStoryboardName = LaunchScreen;
				INFOPLIST_KEY_UIMainStoryboardFile = Main;
				INFOPLIST_KEY_UISupportedInterfaceOrientations_iPad = "UIInterfaceOrientationPortrait UIInterfaceOrientationPortraitUpsideDown UIInterfaceOrientationLandscapeLeft UIInterfaceOrientationLandscapeRight";
				INFOPLIST_KEY_UISupportedInterfaceOrientations_iPhone = "UIInterfaceOrientationPortrait UIInterfaceOrientationLandscapeLeft UIInterfaceOrientationLandscapeRight";
				LD_RUNPATH_SEARCH_PATHS = (
					"$(inherited)",
					"@executable_path/Frameworks",
				);
				MARKETING_VERSION = 1.0;
				PRODUCT_BUNDLE_IDENTIFIER = com.example.ShoppingUSA;
				PRODUCT_NAME = "$(TARGET_NAME)";
				SWIFT_EMIT_LOC_STRINGS = YES;
				SWIFT_VERSION = 5.0;
				TARGETED_DEVICE_FAMILY = "1,2";
			};
			name = Release;
		};
/* End XCBuildConfiguration section */

/* Begin XCConfigurationList section */
		CA650BBA2AE00DFA005FF23D /* Build configuration list for PBXProject "ShoppingUSA" */ = {
			isa = XCConfigurationList;
			buildConfigurations = (
				CA650BD12AE00DFB005FF23D /* Debug */,
				CA650BD22AE00DFB005FF23D /* Release */,
			);
			defaultConfigurationIsVisible = 0;
			defaultConfigurationName = Release;
		};
		CA650BD32AE00DFB005FF23D /* Build configuration list for PBXNativeTarget "ShoppingUSA" */ = {
			isa = XCConfigurationList;
			buildConfigurations = (
				CA650BD42AE00DFB005FF23D /* Debug */,
				CA650BD52AE00DFB005FF23D /* Release */,
			);
			defaultConfigurationIsVisible = 0;
			defaultConfigurationName = Release;
		};
/* End XCConfigurationList section */
	};
	rootObject = CA650BB72AE00DFA005FF23D /* Project object */;
}
